
Microsoft Visual Studio Solution File, Format Version 12.00
# Visual Studio Version 17
VisualStudioVersion = 17.8.34316.72
MinimumVisualStudioVersion = 10.0.40219.1
Project("{FAE04EC0-301F-11D3-BF4B-00C04F79EFBC}") = "DataStructurePrograms", "DataStructurePrograms\DataStructurePrograms.csproj", "{2CCA4DE8-6AF9-4B6A-BB82-24BB90B6EA7A}"
EndProject
Global
	GlobalSection(SolutionConfigurationPlatforms) = preSolution
		Debug|Any CPU = Debug|Any CPU
		Release|Any CPU = Release|Any CPU
	EndGlobalSection
	GlobalSection(ProjectConfigurationPlatforms) = postSolution
		{2CCA4DE8-6AF9-4B6A-BB82-24BB90B6EA7A}.Debug|Any CPU.ActiveCfg = Debug|Any CPU
		{2CCA4DE8-6AF9-4B6A-BB82-24BB90B6EA7A}.Debug|Any CPU.Build.0 = Debug|Any CPU
		{2CCA4DE8-6AF9-4B6A-BB82-24BB90B6EA7A}.Release|Any CPU.ActiveCfg = Release|Any CPU
		{2CCA4DE8-6AF9-4B6A-BB82-24BB90B6EA7A}.Release|Any CPU.Build.0 = Release|Any CPU
	EndGlobalSection
	GlobalSection(SolutionProperties) = preSolution
		HideSolutionNode = FALSE
	EndGlobalSection
	GlobalSection(ExtensibilityGlobals) = postSolution
		SolutionGuid = {891A0508-166E-4B9D-97D9-D1C197DDDBE9}
	EndGlobalSection
EndGlobal
